<?xml version="1.0" encoding="UTF-8"?>
<Scheme
   LastUpgradeVersion = "0730"
   version = "1.3">
   <BuildAction
      parallelizeBuildables = "YES"
      buildImplicitDependencies = "YES">
      <BuildActionEntries>
         <BuildActionEntry
            buildForTesting = "YES"
            buildForRunning = "YES"
            buildForProfiling = "YES"
            buildForArchiving = "YES"
            buildForAnalyzing = "YES">
            <BuildableReference
               BuildableIdentifier = "primary"
               BlueprintIdentifier = "81A193841D2F35E900ECB894"
               BuildableName = "TextField&#x6296;&#x52a8;&#x6548;&#x679c;&#x3001;toast&#x63d0;&#x793a;&#x8bed;.app"
               BlueprintName = "TextField&#x6296;&#x52a8;&#x6548;&#x679c;&#x3001;toast&#x63d0;&#x793a;&#x8bed;"
               ReferencedContainer = "container:TextField&#x6296;&#x52a8;&#x6548;&#x679c;&#x3001;toast&#x63d0;&#x793a;&#x8bed;.xcodeproj">
            </BuildableReference>
         </BuildActionEntry>
      </BuildActionEntries>
   </BuildAction>
   <TestAction
      buildConfiguration = "Debug"
      selectedDebuggerIdentifier = "Xcode.DebuggerFoundation.Debugger.LLDB"
      selectedLauncherIdentifier = "Xcode.DebuggerFoundation.Launcher.LLDB"
      shouldUseLaunchSchemeArgsEnv = "YES">
      <Testables>
         <TestableReference
            skipped = "NO">
            <BuildableReference
               BuildableIdentifier = "primary"
               BlueprintIdentifier = "81A1939D1D2F35E900ECB894"
               BuildableName = "TextField&#x6296;&#x52a8;&#x6548;&#x679c;&#x3001;toast&#x63d0;&#x793a;&#x8bed;Tests.xctest"
               BlueprintName = "TextField&#x6296;&#x52a8;&#x6548;&#x679c;&#x3001;toast&#x63d0;&#x793a;&#x8bed;Tests"
               ReferencedContainer = "container:TextField&#x6296;&#x52a8;&#x6548;&#x679c;&#x3001;toast&#x63d0;&#x793a;&#x8bed;.xcodeproj">
            </BuildableReference>
         </TestableReference>
         <TestableReference
            skipped = "NO">
            <BuildableReference
               BuildableIdentifier = "primary"
               BlueprintIdentifier = "81A193A81D2F35E900ECB894"
               BuildableName = "TextField&#x6296;&#x52a8;&#x6548;&#x679c;&#x3001;toast&#x63d0;&#x793a;&#x8bed;UITests.xctest"
               BlueprintName = "TextField&#x6296;&#x52a8;&#x6548;&#x679c;&#x3001;toast&#x63d0;&#x793a;&#x8bed;UITests"
               ReferencedContainer = "container:TextField&#x6296;&#x52a8;&#x6548;&#x679c;&#x3001;toast&#x63d0;&#x793a;&#x8bed;.xcodeproj">
            </BuildableReference>
         </TestableReference>
      </Testables>
      <MacroExpansion>
         <BuildableReference
            BuildableIdentifier = "primary"
            BlueprintIdentifier = "81A193841D2F35E900ECB894"
            BuildableName = "TextField&#x6296;&#x52a8;&#x6548;&#x679c;&#x3001;toast&#x63d0;&#x793a;&#x8bed;.app"
            BlueprintName = "TextField&#x6296;&#x52a8;&#x6548;&#x679c;&#x3001;toast&#x63d0;&#x793a;&#x8bed;"
            ReferencedContainer = "container:TextField&#x6296;&#x52a8;&#x6548;&#x679c;&#x3001;toast&#x63d0;&#x793a;&#x8bed;.xcodeproj">
         </BuildableReference>
      </MacroExpansion>
      <AdditionalOptions>
      </AdditionalOptions>
   </TestAction>
   <LaunchAction
      buildConfiguration = "Debug"
      selectedDebuggerIdentifier = "Xcode.DebuggerFoundation.Debugger.LLDB"
      selectedLauncherIdentifier = "Xcode.DebuggerFoundation.Launcher.LLDB"
      launchStyle = "0"
      useCustomWorkingDirectory = "NO"
      ignoresPersistentStateOnLaunch = "NO"
      debugDocumentVersioning = "YES"
      debugServiceExtension = "internal"
      allowLocationSimulation = "YES">
      <BuildableProductRunnable
         runnableDebuggingMode = "0">
         <BuildableReference
            BuildableIdentifier = "primary"
            BlueprintIdentifier = "81A193841D2F35E900ECB894"
            BuildableName = "TextField&#x6296;&#x52a8;&#x6548;&#x679c;&#x3001;toast&#x63d0;&#x793a;&#x8bed;.app"
            BlueprintName = "TextField&#x6296;&#x52a8;&#x6548;&#x679c;&#x3001;toast&#x63d0;&#x793a;&#x8bed;"
            ReferencedContainer = "container:TextField&#x6296;&#x52a8;&#x6548;&#x679c;&#x3001;toast&#x63d0;&#x793a;&#x8bed;.xcodeproj">
         </BuildableReference>
      </BuildableProductRunnable>
      <AdditionalOptions>
      </AdditionalOptions>
   </LaunchAction>
   <ProfileAction
      buildConfiguration = "Release"
      shouldUseLaunchSchemeArgsEnv = "YES"
      savedToolIdentifier = ""
      useCustomWorkingDirectory = "NO"
      debugDocumentVersioning = "YES">
      <BuildableProductRunnable
         runnableDebuggingMode = "0">
         <BuildableReference
            BuildableIdentifier = "primary"
            BlueprintIdentifier = "81A193841D2F35E900ECB894"
            BuildableName = "TextField&#x6296;&#x52a8;&#x6548;&#x679c;&#x3001;toast&#x63d0;&#x793a;&#x8bed;.app"
            BlueprintName = "TextField&#x6296;&#x52a8;&#x6548;&#x679c;&#x3001;toast&#x63d0;&#x793a;&#x8bed;"
            ReferencedContainer = "container:TextField&#x6296;&#x52a8;&#x6548;&#x679c;&#x3001;toast&#x63d0;&#x793a;&#x8bed;.xcodeproj">
         </BuildableReference>
      </BuildableProductRunnable>
   </ProfileAction>
   <AnalyzeAction
      buildConfiguration = "Debug">
   </AnalyzeAction>
   <ArchiveAction
      buildConfiguration = "Release"
      revealArchiveInOrganizer = "YES">
   </ArchiveAction>
</Scheme>
